// !$*UTF8*$!
{
	archiveVersion = 1;
	classes = {
	};
	objectVersion = 46;
	objects = {

/* Begin PBXBuildFile section */
		AE44365D1B3468C800CFE822 /* AppDelegate.swift in Sources */ = {isa = PBXBuildFile; fileRef = AE44365C1B3468C800CFE822 /* AppDelegate.swift */; };
		AE44365F1B3468C800CFE822 /* ViewController.swift in Sources */ = {isa = PBXBuildFile; fileRef = AE44365E1B3468C800CFE822 /* ViewController.swift */; };
		AE4436621B3468C800CFE822 /* Main.storyboard in Resources */ = {isa = PBXBuildFile; fileRef = AE4436601B3468C800CFE822 /* Main.storyboard */; };
		AE4436641B3468C800CFE822 /* Assets.xcassets in Resources */ = {isa = PBXBuildFile; fileRef = AE4436631B3468C800CFE822 /* Assets.xcassets */; };
		AE4436671B3468C800CFE822 /* LaunchScreen.storyboard in Resources */ = {isa = PBXBuildFile; fileRef = AE4436651B3468C800CFE822 /* LaunchScreen.storyboard */; };
		AE4436721B3468C800CFE822 /* BroDoYouEvenFrameworkXcode7Tests.swift in Sources */ = {isa = PBXBuildFile; fileRef = AE4436711B3468C800CFE822 /* BroDoYouEvenFrameworkXcode7Tests.swift */; };
		AE44367D1B3468C800CFE822 /* BroDoYouEvenFrameworkXcode7UITests.swift in Sources */ = {isa = PBXBuildFile; fileRef = AE44367C1B3468C800CFE822 /* BroDoYouEvenFrameworkXcode7UITests.swift */; };
		AE6DF5701B3806B0007F6D7C /* Quick.framework in Frameworks */ = {isa = PBXBuildFile; fileRef = AE4436911B346D4F00CFE822 /* Quick.framework */; };
		AE6DF5741B3806B8007F6D7C /* Quick.framework in CopyFiles */ = {isa = PBXBuildFile; fileRef = AE4436911B346D4F00CFE822 /* Quick.framework */; settings = {ATTRIBUTES = (CodeSignOnCopy, RemoveHeadersOnCopy, ); }; };
/* End PBXBuildFile section */

/* Begin PBXContainerItemProxy section */
		AE44366E1B3468C800CFE822 /* PBXContainerItemProxy */ = {
			isa = PBXContainerItemProxy;
			containerPortal = AE4436511B3468C800CFE822 /* Project object */;
			proxyType = 1;
			remoteGlobalIDString = AE4436581B3468C800CFE822;
			remoteInfo = BroDoYouEvenFrameworkXcode7;
		};
		AE4436791B3468C800CFE822 /* PBXContainerItemProxy */ = {
			isa = PBXContainerItemProxy;
			containerPortal = AE4436511B3468C800CFE822 /* Project object */;
			proxyType = 1;
			remoteGlobalIDString = AE4436581B3468C800CFE822;
			remoteInfo = BroDoYouEvenFrameworkXcode7;
		};
/* End PBXContainerItemProxy section */

/* Begin PBXCopyFilesBuildPhase section */
		AE4436931B346D5200CFE822 /* CopyFiles */ = {
			isa = PBXCopyFilesBuildPhase;
			buildActionMask = 2147483647;
			dstPath = "";
			dstSubfolderSpec = 10;
			files = (
				AE6DF5741B3806B8007F6D7C /* Quick.framework in CopyFiles */,
			);
			runOnlyForDeploymentPostprocessing = 0;
		};
/* End PBXCopyFilesBuildPhase section */

/* Begin PBXFileReference section */
		AE4436591B3468C800CFE822 /* BroDoYouEvenFrameworkXcode7.app */ = {isa = PBXFileReference; explicitFileType = wrapper.application; includeInIndex = 0; path = BroDoYouEvenFrameworkXcode7.app; sourceTree = BUILT_PRODUCTS_DIR; };
		AE44365C1B3468C800CFE822 /* AppDelegate.swift */ = {isa = PBXFileReference; lastKnownFileType = sourcecode.swift; path = AppDelegate.swift; sourceTree = "<group>"; };
		AE44365E1B3468C800CFE822 /* ViewController.swift */ = {isa = PBXFileReference; lastKnownFileType = sourcecode.swift; path = ViewController.swift; sourceTree = "<group>"; };
		AE4436611B3468C800CFE822 /* Base */ = {isa = PBXFileReference; lastKnownFileType = file.storyboard; name = Base; path = Base.lproj/Main.storyboard; sourceTree = "<group>"; };
		AE4436631B3468C800CFE822 /* Assets.xcassets */ = {isa = PBXFileReference; lastKnownFileType = folder.assetcatalog; path = Assets.xcassets; sourceTree = "<group>"; };
		AE4436661B3468C800CFE822 /* Base */ = {isa = PBXFileReference; lastKnownFileType = file.storyboard; name = Base; path = Base.lproj/LaunchScreen.storyboard; sourceTree = "<group>"; };
		AE4436681B3468C800CFE822 /* Info.plist */ = {isa = PBXFileReference; lastKnownFileType = text.plist.xml; path = Info.plist; sourceTree = "<group>"; };
		AE44366D1B3468C800CFE822 /* BroDoYouEvenFrameworkXcode7Tests.xctest */ = {isa = PBXFileReference; explicitFileType = wrapper.cfbundle; includeInIndex = 0; path = BroDoYouEvenFrameworkXcode7Tests.xctest; sourceTree = BUILT_PRODUCTS_DIR; };
		AE4436711B3468C800CFE822 /* BroDoYouEvenFrameworkXcode7Tests.swift */ = {isa = PBXFileReference; lastKnownFileType = sourcecode.swift; path = BroDoYouEvenFrameworkXcode7Tests.swift; sourceTree = "<group>"; };
		AE4436731B3468C800CFE822 /* Info.plist */ = {isa = PBXFileReference; lastKnownFileType = text.plist.xml; path = Info.plist; sourceTree = "<group>"; };
		AE4436781B3468C800CFE822 /* BroDoYouEvenFrameworkXcode7UITests.xctest */ = {isa = PBXFileReference; explicitFileType = wrapper.cfbundle; includeInIndex = 0; path = BroDoYouEvenFrameworkXcode7UITests.xctest; sourceTree = BUILT_PRODUCTS_DIR; };
		AE44367C1B3468C800CFE822 /* BroDoYouEvenFrameworkXcode7UITests.swift */ = {isa = PBXFileReference; lastKnownFileType = sourcecode.swift; path = BroDoYouEvenFrameworkXcode7UITests.swift; sourceTree = "<group>"; };
		AE44367E1B3468C800CFE822 /* Info.plist */ = {isa = PBXFileReference; lastKnownFileType = text.plist.xml; path = Info.plist; sourceTree = "<group>"; };
		AE4436911B346D4F00CFE822 /* Quick.framework */ = {isa = PBXFileReference; lastKnownFileType = wrapper.framework; name = Quick.framework; path = Carthage/Build/iOS/Quick.framework; sourceTree = "<group>"; };
		AE6DF5711B3806B0007F6D7C /* Nimble.framework */ = {isa = PBXFileReference; lastKnownFileType = wrapper.framework; name = Nimble.framework; path = Carthage/Build/iOS/Nimble.framework; sourceTree = "<group>"; };
/* End PBXFileReference section */

/* Begin PBXFrameworksBuildPhase section */
		AE4436561B3468C800CFE822 /* Frameworks */ = {
			isa = PBXFrameworksBuildPhase;
			buildActionMask = 2147483647;
			files = (
			);
			runOnlyForDeploymentPostprocessing = 0;
		};
		AE44366A1B3468C800CFE822 /* Frameworks */ = {
			isa = PBXFrameworksBuildPhase;
			buildActionMask = 2147483647;
			files = (
				AE6DF5701B3806B0007F6D7C /* Quick.framework in Frameworks */,
			);
			runOnlyForDeploymentPostprocessing = 0;
		};
		AE4436751B3468C800CFE822 /* Frameworks */ = {
			isa = PBXFrameworksBuildPhase;
			buildActionMask = 2147483647;
			files = (
			);
			runOnlyForDeploymentPostprocessing = 0;
		};
/* End PBXFrameworksBuildPhase section */

/* Begin PBXGroup section */
		AE4436501B3468C800CFE822 = {
			isa = PBXGroup;
			children = (
				AE6DF5711B3806B0007F6D7C /* Nimble.framework */,
				AE4436911B346D4F00CFE822 /* Quick.framework */,
				AE44365B1B3468C800CFE822 /* BroDoYouEvenFrameworkXcode7 */,
				AE4436701B3468C800CFE822 /* BroDoYouEvenFrameworkXcode7Tests */,
				AE44367B1B3468C800CFE822 /* BroDoYouEvenFrameworkXcode7UITests */,
				AE44365A1B3468C800CFE822 /* Products */,
			);
			sourceTree = "<group>";
		};
		AE44365A1B3468C800CFE822 /* Products */ = {
			isa = PBXGroup;
			children = (
				AE4436591B3468C800CFE822 /* BroDoYouEvenFrameworkXcode7.app */,
				AE44366D1B3468C800CFE822 /* BroDoYouEvenFrameworkXcode7Tests.xctest */,
				AE4436781B3468C800CFE822 /* BroDoYouEvenFrameworkXcode7UITests.xctest */,
			);
			name = Products;
			sourceTree = "<group>";
		};
		AE44365B1B3468C800CFE822 /* BroDoYouEvenFrameworkXcode7 */ = {
			isa = PBXGroup;
			children = (
				AE44365C1B3468C800CFE822 /* AppDelegate.swift */,
				AE44365E1B3468C800CFE822 /* ViewController.swift */,
				AE4436601B3468C800CFE822 /* Main.storyboard */,
				AE4436631B3468C800CFE822 /* Assets.xcassets */,
				AE4436651B3468C800CFE822 /* LaunchScreen.storyboard */,
				AE4436681B3468C800CFE822 /* Info.plist */,
			);
			path = BroDoYouEvenFrameworkXcode7;
			sourceTree = "<group>";
		};
		AE4436701B3468C800CFE822 /* BroDoYouEvenFrameworkXcode7Tests */ = {
			isa = PBXGroup;
			children = (
				AE4436711B3468C800CFE822 /* BroDoYouEvenFrameworkXcode7Tests.swift */,
				AE4436731B3468C800CFE822 /* Info.plist */,
			);
			path = BroDoYouEvenFrameworkXcode7Tests;
			sourceTree = "<group>";
		};
		AE44367B1B3468C800CFE822 /* BroDoYouEvenFrameworkXcode7UITests */ = {
			isa = PBXGroup;
			children = (
				AE44367C1B3468C800CFE822 /* BroDoYouEvenFrameworkXcode7UITests.swift */,
				AE44367E1B3468C800CFE822 /* Info.plist */,
			);
			path = BroDoYouEvenFrameworkXcode7UITests;
			sourceTree = "<group>";
		};
/* End PBXGroup section */

/* Begin PBXNativeTarget section */
		AE4436581B3468C800CFE822 /* BroDoYouEvenFrameworkXcode7 */ = {
			isa = PBXNativeTarget;
			buildConfigurationList = AE4436811B3468C800CFE822 /* Build configuration list for PBXNativeTarget "BroDoYouEvenFrameworkXcode7" */;
			buildPhases = (
				AE4436551B3468C800CFE822 /* Sources */,
				AE4436561B3468C800CFE822 /* Frameworks */,
				AE4436571B3468C800CFE822 /* Resources */,
			);
			buildRules = (
			);
			dependencies = (
			);
			name = BroDoYouEvenFrameworkXcode7;
			productName = BroDoYouEvenFrameworkXcode7;
			productReference = AE4436591B3468C800CFE822 /* BroDoYouEvenFrameworkXcode7.app */;
			productType = "com.apple.product-type.application";
		};
		AE44366C1B3468C800CFE822 /* BroDoYouEvenFrameworkXcode7Tests */ = {
			isa = PBXNativeTarget;
			buildConfigurationList = AE4436841B3468C800CFE822 /* Build configuration list for PBXNativeTarget "BroDoYouEvenFrameworkXcode7Tests" */;
			buildPhases = (
				AE4436691B3468C800CFE822 /* Sources */,
				AE44366A1B3468C800CFE822 /* Frameworks */,
				AE44366B1B3468C800CFE822 /* Resources */,
				AE4436931B346D5200CFE822 /* CopyFiles */,
			);
			buildRules = (
			);
			dependencies = (
				AE44366F1B3468C800CFE822 /* PBXTargetDependency */,
			);
			name = BroDoYouEvenFrameworkXcode7Tests;
			productName = BroDoYouEvenFrameworkXcode7Tests;
			productReference = AE44366D1B3468C800CFE822 /* BroDoYouEvenFrameworkXcode7Tests.xctest */;
			productType = "com.apple.product-type.bundle.unit-test";
		};
		AE4436771B3468C800CFE822 /* BroDoYouEvenFrameworkXcode7UITests */ = {
			isa = PBXNativeTarget;
			buildConfigurationList = AE4436871B3468C800CFE822 /* Build configuration list for PBXNativeTarget "BroDoYouEvenFrameworkXcode7UITests" */;
			buildPhases = (
				AE4436741B3468C800CFE822 /* Sources */,
				AE4436751B3468C800CFE822 /* Frameworks */,
				AE4436761B3468C800CFE822 /* Resources */,
			);
			buildRules = (
			);
			dependencies = (
				AE44367A1B3468C800CFE822 /* PBXTargetDependency */,
			);
			name = BroDoYouEvenFrameworkXcode7UITests;
			productName = BroDoYouEvenFrameworkXcode7UITests;
			productReference = AE4436781B3468C800CFE822 /* BroDoYouEvenFrameworkXcode7UITests.xctest */;
			productType = "com.apple.product-type.bundle.ui-testing";
		};
/* End PBXNativeTarget section */

/* Begin PBXProject section */
		AE4436511B3468C800CFE822 /* Project object */ = {
			isa = PBXProject;
			attributes = {
				LastUpgradeCheck = 0700;
				ORGANIZATIONNAME = Pivotal;
				TargetAttributes = {
					AE4436581B3468C800CFE822 = {
						CreatedOnToolsVersion = 7.0;
					};
					AE44366C1B3468C800CFE822 = {
						CreatedOnToolsVersion = 7.0;
						TestTargetID = AE4436581B3468C800CFE822;
					};
					AE4436771B3468C800CFE822 = {
						CreatedOnToolsVersion = 7.0;
						TestTargetID = AE4436581B3468C800CFE822;
					};
				};
			};
			buildConfigurationList = AE4436541B3468C800CFE822 /* Build configuration list for PBXProject "BroDoYouEvenFrameworkXcode7" */;
			compatibilityVersion = "Xcode 3.2";
			developmentRegion = English;
			hasScannedForEncodings = 0;
			knownRegions = (
				en,
				Base,
			);
			mainGroup = AE4436501B3468C800CFE822;
			productRefGroup = AE44365A1B3468C800CFE822 /* Products */;
			projectDirPath = "";
			projectRoot = "";
			targets = (
				AE4436581B3468C800CFE822 /* BroDoYouEvenFrameworkXcode7 */,
				AE44366C1B3468C800CFE822 /* BroDoYouEvenFrameworkXcode7Tests */,
				AE4436771B3468C800CFE822 /* BroDoYouEvenFrameworkXcode7UITests */,
			);
		};
/* End PBXProject section */

/* Begin PBXResourcesBuildPhase section */
		AE4436571B3468C800CFE822 /* Resources */ = {
			isa = PBXResourcesBuildPhase;
			buildActionMask = 2147483647;
			files = (
				AE4436671B3468C800CFE822 /* LaunchScreen.storyboard in Resources */,
				AE4436641B3468C800CFE822 /* Assets.xcassets in Resources */,
				AE4436621B3468C800CFE822 /* Main.storyboard in Resources */,
			);
			runOnlyForDeploymentPostprocessing = 0;
		};
		AE44366B1B3468C800CFE822 /* Resources */ = {
			isa = PBXResourcesBuildPhase;
			buildActionMask = 2147483647;
			files = (
			);
			runOnlyForDeploymentPostprocessing = 0;
		};
		AE4436761B3468C800CFE822 /* Resources */ = {
			isa = PBXResourcesBuildPhase;
			buildActionMask = 2147483647;
			files = (
			);
			runOnlyForDeploymentPostprocessing = 0;
		};
/* End PBXResourcesBuildPhase section */

/* Begin PBXSourcesBuildPhase section */
		AE4436551B3468C800CFE822 /* Sources */ = {
			isa = PBXSourcesBuildPhase;
			buildActionMask = 2147483647;
			files = (
				AE44365F1B3468C800CFE822 /* ViewController.swift in Sources */,
				AE44365D1B3468C800CFE822 /* AppDelegate.swift in Sources */,
			);
			runOnlyForDeploymentPostprocessing = 0;
		};
		AE4436691B3468C800CFE822 /* Sources */ = {
			isa = PBXSourcesBuildPhase;
			buildActionMask = 2147483647;
			files = (
				AE4436721B3468C800CFE822 /* BroDoYouEvenFrameworkXcode7Tests.swift in Sources */,
			);
			runOnlyForDeploymentPostprocessing = 0;
		};
		AE4436741B3468C800CFE822 /* Sources */ = {
			isa = PBXSourcesBuildPhase;
			buildActionMask = 2147483647;
			files = (
				AE44367D1B3468C800CFE822 /* BroDoYouEvenFrameworkXcode7UITests.swift in Sources */,
			);
			runOnlyForDeploymentPostprocessing = 0;
		};
/* End PBXSourcesBuildPhase section */

/* Begin PBXTargetDependency section */
		AE44366F1B3468C800CFE822 /* PBXTargetDependency */ = {
			isa = PBXTargetDependency;
			target = AE4436581B3468C800CFE822 /* BroDoYouEvenFrameworkXcode7 */;
			targetProxy = AE44366E1B3468C800CFE822 /* PBXContainerItemProxy */;
		};
		AE44367A1B3468C800CFE822 /* PBXTargetDependency */ = {
			isa = PBXTargetDependency;
			target = AE4436581B3468C800CFE822 /* BroDoYouEvenFrameworkXcode7 */;
			targetProxy = AE4436791B3468C800CFE822 /* PBXContainerItemProxy */;
		};
/* End PBXTargetDependency section */

/* Begin PBXVariantGroup section */
		AE4436601B3468C800CFE822 /* Main.storyboard */ = {
			isa = PBXVariantGroup;
			children = (
				AE4436611B3468C800CFE822 /* Base */,
			);
			name = Main.storyboard;
			sourceTree = "<group>";
		};
		AE4436651B3468C800CFE822 /* LaunchScreen.storyboard */ = {
			isa = PBXVariantGroup;
			children = (
				AE4436661B3468C800CFE822 /* Base */,
			);
			name = LaunchScreen.storyboard;
			sourceTree = "<group>";
		};
/* End PBXVariantGroup section */

/* Begin XCBuildConfiguration section */
		AE44367F1B3468C800CFE822 /* Debug */ = {
			isa = XCBuildConfiguration;
			buildSettings = {
				ALWAYS_SEARCH_USER_PATHS = NO;
				CLANG_CXX_LANGUAGE_STANDARD = "gnu++0x";
				CLANG_CXX_LIBRARY = "libc++";
				CLANG_ENABLE_MODULES = YES;
				CLANG_ENABLE_OBJC_ARC = YES;
				CLANG_WARN_BOOL_CONVERSION = YES;
				CLANG_WARN_CONSTANT_CONVERSION = YES;
				CLANG_WARN_DIRECT_OBJC_ISA_USAGE = YES_ERROR;
				CLANG_WARN_EMPTY_BODY = YES;
				CLANG_WARN_ENUM_CONVERSION = YES;
				CLANG_WARN_INT_CONVERSION = YES;
				CLANG_WARN_OBJC_ROOT_CLASS = YES_ERROR;
				CLANG_WARN_UNREACHABLE_CODE = YES;
				CLANG_WARN__DUPLICATE_METHOD_MATCH = YES;
				"CODE_SIGN_IDENTITY[sdk=iphoneos*]" = "iPhone Developer";
				COPY_PHASE_STRIP = NO;
				DEBUG_INFORMATION_FORMAT = dwarf;
				ENABLE_STRICT_OBJC_MSGSEND = YES;
				ENABLE_TESTABILITY = YES;
				GCC_C_LANGUAGE_STANDARD = gnu99;
				GCC_DYNAMIC_NO_PIC = NO;
				GCC_NO_COMMON_BLOCKS = YES;
				GCC_OPTIMIZATION_LEVEL = 0;
				GCC_PREPROCESSOR_DEFINITIONS = (
					"DEBUG=1",
					"$(inherited)",
				);
				GCC_WARN_64_TO_32_BIT_CONVERSION = YES;
				GCC_WARN_ABOUT_RETURN_TYPE = YES_ERROR;
				GCC_WARN_UNDECLARED_SELECTOR = YES;
				GCC_WARN_UNINITIALIZED_AUTOS = YES_AGGRESSIVE;
				GCC_WARN_UNUSED_FUNCTION = YES;
				GCC_WARN_UNUSED_VARIABLE = YES;
				IPHONEOS_DEPLOYMENT_TARGET = 9.0;
				MTL_ENABLE_DEBUG_INFO = YES;
				ONLY_ACTIVE_ARCH = YES;
				SDKROOT = iphoneos;
				SWIFT_OPTIMIZATION_LEVEL = "-Onone";
				TARGETED_DEVICE_FAMILY = "1,2";
			};
			name = Debug;
		};
		AE4436801B3468C800CFE822 /* Release */ = {
			isa = XCBuildConfiguration;
			buildSettings = {
				ALWAYS_SEARCH_USER_PATHS = NO;
				CLANG_CXX_LANGUAGE_STANDARD = "gnu++0x";
				CLANG_CXX_LIBRARY = "libc++";
				CLANG_ENABLE_MODULES = YES;
				CLANG_ENABLE_OBJC_ARC = YES;
				CLANG_WARN_BOOL_CONVERSION = YES;
				CLANG_WARN_CONSTANT_CONVERSION = YES;
				CLANG_WARN_DIRECT_OBJC_ISA_USAGE = YES_ERROR;
				CLANG_WARN_EMPTY_BODY = YES;
				CLANG_WARN_ENUM_CONVERSION = YES;
				CLANG_WARN_INT_CONVERSION = YES;
				CLANG_WARN_OBJC_ROOT_CLASS = YES_ERROR;
				CLANG_WARN_UNREACHABLE_CODE = YES;
				CLANG_WARN__DUPLICATE_METHOD_MATCH = YES;
				"CODE_SIGN_IDENTITY[sdk=iphoneos*]" = "iPhone Developer";
				COPY_PHASE_STRIP = NO;
				DEBUG_INFORMATION_FORMAT = "dwarf-with-dsym";
				ENABLE_NS_ASSERTIONS = NO;
				ENABLE_STRICT_OBJC_MSGSEND = YES;
				GCC_C_LANGUAGE_STANDARD = gnu99;
				GCC_NO_COMMON_BLOCKS = YES;
				GCC_WARN_64_TO_32_BIT_CONVERSION = YES;
				GCC_WARN_ABOUT_RETURN_TYPE = YES_ERROR;
				GCC_WARN_UNDECLARED_SELECTOR = YES;
				GCC_WARN_UNINITIALIZED_AUTOS = YES_AGGRESSIVE;
				GCC_WARN_UNUSED_FUNCTION = YES;
				GCC_WARN_UNUSED_VARIABLE = YES;
				IPHONEOS_DEPLOYMENT_TARGET = 9.0;
				MTL_ENABLE_DEBUG_INFO = NO;
				SDKROOT = iphoneos;
				TARGETED_DEVICE_FAMILY = "1,2";
				VALIDATE_PRODUCT = YES;
			};
			name = Release;
		};
		AE4436821B3468C800CFE822 /* Debug */ = {
			isa = XCBuildConfiguration;
			buildSettings = {
				ASSETCATALOG_COMPILER_APPICON_NAME = AppIcon;
				INFOPLIST_FILE = BroDoYouEvenFrameworkXcode7/Info.plist;
				LD_RUNPATH_SEARCH_PATHS = "$(inherited) @executable_path/Frameworks";
				PRODUCT_BUNDLE_IDENTIFIER = io.pivotal.BroDoYouEvenFrameworkXcode7;
				PRODUCT_NAME = "$(TARGET_NAME)";
			};
			name = Debug;
		};
		AE4436831B3468C800CFE822 /* Release */ = {
			isa = XCBuildConfiguration;
			buildSettings = {
				ASSETCATALOG_COMPILER_APPICON_NAME = AppIcon;
				INFOPLIST_FILE = BroDoYouEvenFrameworkXcode7/Info.plist;
				LD_RUNPATH_SEARCH_PATHS = "$(inherited) @executable_path/Frameworks";
				PRODUCT_BUNDLE_IDENTIFIER = io.pivotal.BroDoYouEvenFrameworkXcode7;
				PRODUCT_NAME = "$(TARGET_NAME)";
			};
			name = Release;
		};
		AE4436851B3468C800CFE822 /* Debug */ = {
			isa = XCBuildConfiguration;
			buildSettings = {
				BUNDLE_LOADER = "$(TEST_HOST)";
				INFOPLIST_FILE = BroDoYouEvenFrameworkXcode7Tests/Info.plist;
				LD_RUNPATH_SEARCH_PATHS = "$(inherited) @executable_path/Frameworks @loader_path/Frameworks";
				PRODUCT_BUNDLE_IDENTIFIER = io.pivotal.BroDoYouEvenFrameworkXcode7Tests;
				PRODUCT_NAME = "$(TARGET_NAME)";
				TEST_HOST = "$(BUILT_PRODUCTS_DIR)/BroDoYouEvenFrameworkXcode7.app/BroDoYouEvenFrameworkXcode7";
			};
			name = Debug;
		};
		AE4436861B3468C800CFE822 /* Release */ = {
			isa = XCBuildConfiguration;
			buildSettings = {
				BUNDLE_LOADER = "$(TEST_HOST)";
				INFOPLIST_FILE = BroDoYouEvenFrameworkXcode7Tests/Info.plist;
				LD_RUNPATH_SEARCH_PATHS = "$(inherited) @executable_path/Frameworks @loader_path/Frameworks";
				PRODUCT_BUNDLE_IDENTIFIER = io.pivotal.BroDoYouEvenFrameworkXcode7Tests;
				PRODUCT_NAME = "$(TARGET_NAME)";
				TEST_HOST = "$(BUILT_PRODUCTS_DIR)/BroDoYouEvenFrameworkXcode7.app/BroDoYouEvenFrameworkXcode7";
			};
			name = Release;
		};
		AE4436881B3468C800CFE822 /* Debug */ = {
			isa = XCBuildConfiguration;
			buildSettings = {
				INFOPLIST_FILE = BroDoYouEvenFrameworkXcode7UITests/Info.plist;
				LD_RUNPATH_SEARCH_PATHS = "$(inherited) @executable_path/Frameworks @loader_path/Frameworks";
				PRODUCT_BUNDLE_IDENTIFIER = io.pivotal.BroDoYouEvenFrameworkXcode7UITests;
				PRODUCT_NAME = "$(TARGET_NAME)";
				TEST_TARGET_NAME = BroDoYouEvenFrameworkXcode7;
				USES_XCTRUNNER = YES;
			};
			name = Debug;
		};
		AE4436891B3468C800CFE822 /* Release */ = {
			isa = XCBuildConfiguration;
			buildSettings = {
				INFOPLIST_FILE = BroDoYouEvenFrameworkXcode7UITests/Info.plist;
				LD_RUNPATH_SEARCH_PATHS = "$(inherited) @executable_path/Frameworks @loader_path/Frameworks";
				PRODUCT_BUNDLE_IDENTIFIER = io.pivotal.BroDoYouEvenFrameworkXcode7UITests;
				PRODUCT_NAME = "$(TARGET_NAME)";
				TEST_TARGET_NAME = BroDoYouEvenFrameworkXcode7;
				USES_XCTRUNNER = YES;
			};
			name = Release;
		};
/* End XCBuildConfiguration section */

/* Begin XCConfigurationList section */
		AE4436541B3468C800CFE822 /* Build configuration list for PBXProject "BroDoYouEvenFrameworkXcode7" */ = {
			isa = XCConfigurationList;
			buildConfigurations = (
				AE44367F1B3468C800CFE822 /* Debug */,
				AE4436801B3468C800CFE822 /* Release */,
			);
			defaultConfigurationIsVisible = 0;
			defaultConfigurationName = Release;
		};
		AE4436811B3468C800CFE822 /* Build configuration list for PBXNativeTarget "BroDoYouEvenFrameworkXcode7" */ = {
			isa = XCConfigurationList;
			buildConfigurations = (
				AE4436821B3468C800CFE822 /* Debug */,
				AE4436831B3468C800CFE822 /* Release */,
			);
			defaultConfigurationIsVisible = 0;
			defaultConfigurationName = Release;
		};
		AE4436841B3468C800CFE822 /* Build configuration list for PBXNativeTarget "BroDoYouEvenFrameworkXcode7Tests" */ = {
			isa = XCConfigurationList;
			buildConfigurations = (
				AE4436851B3468C800CFE822 /* Debug */,
				AE4436861B3468C800CFE822 /* Release */,
			);
			defaultConfigurationIsVisible = 0;
			defaultConfigurationName = Release;
		};
		AE4436871B3468C800CFE822 /* Build configuration list for PBXNativeTarget "BroDoYouEvenFrameworkXcode7UITests" */ = {
			isa = XCConfigurationList;
			buildConfigurations = (
				AE4436881B3468C800CFE822 /* Debug */,
				AE4436891B3468C800CFE822 /* Release */,
			);
			defaultConfigurationIsVisible = 0;
			defaultConfigurationName = Release;
		};
/* End XCConfigurationList section */
	};
	rootObject = AE4436511B3468C800CFE822 /* Project object */;
}
